{
  "name": "bithome",
  "version": "5.2.1",
  "lockfileVersion": 3,
  "requires": true,
  "packages": {
    "": {
      "name": "bithome",
      "version": "5.2.1",
      "engines": {
        "node": ">=24.0.0"
      },
      "license": "MIT",
      "author": "Alejandro Hernández Castillo <acastilloalejandro@icloud.com>"
    }
  }
}
